PODS:
  - FSCalendar (2.8.4)
  - SnapKit (5.6.0)

DEPENDENCIES:
  - FSCalendar
  - SnapKit

SPEC REPOS:
  trunk:
    - FSCalendar
    - SnapKit

SPEC CHECKSUMS:
  FSCalendar: 2d1d0d9398f12d439f55c1fe0f01525b151b8260
  SnapKit: e01d52ebb8ddbc333eefe2132acf85c8227d9c25

PODFILE CHECKSUM: 6665e0bd56d69ff85b099820e12c7d5e71b61c1b

COCOAPODS: 1.13.0
