// !$*UTF8*$!
{
	archiveVersion = 1;
	classes = {
	};
	objectVersion = 56;
	objects = {

/* Begin PBXBuildFile section */
		09234BEE29ED6DCC002A9E9C /* AddExpenseViewController.swift in Sources */ = {isa = PBXBuildFile; fileRef = 09234BED29ED6DCC002A9E9C /* AddExpenseViewController.swift */; };
		09234BF029ED7221002A9E9C /* AddExpensePresenter.swift in Sources */ = {isa = PBXBuildFile; fileRef = 09234BEF29ED7221002A9E9C /* AddExpensePresenter.swift */; };
		09234BF229ED7A63002A9E9C /* AddExpenseModuleBuilder.swift in Sources */ = {isa = PBXBuildFile; fileRef = 09234BF129ED7A63002A9E9C /* AddExpenseModuleBuilder.swift */; };
		096854A029F7FFF400969D59 /* LaunchScreen.storyboard in Resources */ = {isa = PBXBuildFile; fileRef = 0968549F29F7FFF400969D59 /* LaunchScreen.storyboard */; };
		099471CC29EAC585009F1A2E /* AppDelegate.swift in Sources */ = {isa = PBXBuildFile; fileRef = 099471CB29EAC585009F1A2E /* AppDelegate.swift */; };
		099471CE29EAC585009F1A2E /* SceneDelegate.swift in Sources */ = {isa = PBXBuildFile; fileRef = 099471CD29EAC585009F1A2E /* SceneDelegate.swift */; };
		099471D529EAC587009F1A2E /* Assets.xcassets in Resources */ = {isa = PBXBuildFile; fileRef = 099471D429EAC587009F1A2E /* Assets.xcassets */; };
		09B264C129F5A9BA00FC1B2E /* Localizable.strings in Resources */ = {isa = PBXBuildFile; fileRef = 09B264C329F5A9BA00FC1B2E /* Localizable.strings */; };
		09B264CD29F5CF1300FC1B2E /* Strings.swift in Sources */ = {isa = PBXBuildFile; fileRef = 09B264CC29F5CF1300FC1B2E /* Strings.swift */; };
		F1B52C4E732F84F88FA77A79 /* Pods_Expense_Tracker.framework in Frameworks */ = {isa = PBXBuildFile; fileRef = 399E92AC36784D7A6C3E86DE /* Pods_Expense_Tracker.framework */; };
/* End PBXBuildFile section */

/* Begin PBXFileReference section */
		09234BED29ED6DCC002A9E9C /* AddExpenseViewController.swift */ = {isa = PBXFileReference; lastKnownFileType = sourcecode.swift; path = AddExpenseViewController.swift; sourceTree = "<group>"; };
		09234BEF29ED7221002A9E9C /* AddExpensePresenter.swift */ = {isa = PBXFileReference; lastKnownFileType = sourcecode.swift; path = AddExpensePresenter.swift; sourceTree = "<group>"; };
		09234BF129ED7A63002A9E9C /* AddExpenseModuleBuilder.swift */ = {isa = PBXFileReference; lastKnownFileType = sourcecode.swift; path = AddExpenseModuleBuilder.swift; sourceTree = "<group>"; };
		0968549F29F7FFF400969D59 /* LaunchScreen.storyboard */ = {isa = PBXFileReference; lastKnownFileType = file.storyboard; path = LaunchScreen.storyboard; sourceTree = "<group>"; };
		099471C829EAC585009F1A2E /* Expense Tracker.app */ = {isa = PBXFileReference; explicitFileType = wrapper.application; includeInIndex = 0; path = "Expense Tracker.app"; sourceTree = BUILT_PRODUCTS_DIR; };
		099471CB29EAC585009F1A2E /* AppDelegate.swift */ = {isa = PBXFileReference; lastKnownFileType = sourcecode.swift; path = AppDelegate.swift; sourceTree = "<group>"; };
		099471CD29EAC585009F1A2E /* SceneDelegate.swift */ = {isa = PBXFileReference; lastKnownFileType = sourcecode.swift; path = SceneDelegate.swift; sourceTree = "<group>"; };
		099471D429EAC587009F1A2E /* Assets.xcassets */ = {isa = PBXFileReference; lastKnownFileType = folder.assetcatalog; path = Assets.xcassets; sourceTree = "<group>"; };
		099471D929EAC587009F1A2E /* Info.plist */ = {isa = PBXFileReference; lastKnownFileType = text.plist.xml; path = Info.plist; sourceTree = "<group>"; };
		09B264C229F5A9BA00FC1B2E /* en */ = {isa = PBXFileReference; lastKnownFileType = text.plist.strings; name = en; path = en.lproj/Localizable.strings; sourceTree = "<group>"; };
		09B264CB29F5CB7F00FC1B2E /* ru */ = {isa = PBXFileReference; lastKnownFileType = text.plist.strings; name = ru; path = ru.lproj/Localizable.strings; sourceTree = "<group>"; };
		09B264CC29F5CF1300FC1B2E /* Strings.swift */ = {isa = PBXFileReference; lastKnownFileType = sourcecode.swift; path = Strings.swift; sourceTree = "<group>"; };
		399E92AC36784D7A6C3E86DE /* Pods_Expense_Tracker.framework */ = {isa = PBXFileReference; explicitFileType = wrapper.framework; includeInIndex = 0; path = Pods_Expense_Tracker.framework; sourceTree = BUILT_PRODUCTS_DIR; };
		9EE12D37DC8394EE81B79756 /* Pods-Expense Tracker.debug.xcconfig */ = {isa = PBXFileReference; includeInIndex = 1; lastKnownFileType = text.xcconfig; name = "Pods-Expense Tracker.debug.xcconfig"; path = "Target Support Files/Pods-Expense Tracker/Pods-Expense Tracker.debug.xcconfig"; sourceTree = "<group>"; };
		C65253AE62DC4334DA0F1FA5 /* Pods-Expense Tracker.release.xcconfig */ = {isa = PBXFileReference; includeInIndex = 1; lastKnownFileType = text.xcconfig; name = "Pods-Expense Tracker.release.xcconfig"; path = "Target Support Files/Pods-Expense Tracker/Pods-Expense Tracker.release.xcconfig"; sourceTree = "<group>"; };
/* End PBXFileReference section */

/* Begin PBXFrameworksBuildPhase section */
		099471C529EAC585009F1A2E /* Frameworks */ = {
			isa = PBXFrameworksBuildPhase;
			buildActionMask = 2147483647;
			files = (
				F1B52C4E732F84F88FA77A79 /* Pods_Expense_Tracker.framework in Frameworks */,
			);
			runOnlyForDeploymentPostprocessing = 0;
		};
/* End PBXFrameworksBuildPhase section */

/* Begin PBXGroup section */
		09234BEC29ED6D8E002A9E9C /* AddExpense */ = {
			isa = PBXGroup;
			children = (
				09234BED29ED6DCC002A9E9C /* AddExpenseViewController.swift */,
				09234BEF29ED7221002A9E9C /* AddExpensePresenter.swift */,
				09234BF129ED7A63002A9E9C /* AddExpenseModuleBuilder.swift */,
			);
			path = AddExpense;
			sourceTree = "<group>";
		};
		09234BF329ED7BB0002A9E9C /* App */ = {
			isa = PBXGroup;
			children = (
				099471CB29EAC585009F1A2E /* AppDelegate.swift */,
				099471CD29EAC585009F1A2E /* SceneDelegate.swift */,
			);
			path = App;
			sourceTree = "<group>";
		};
		097BFAA729F5A27700945B9D /* Resource */ = {
			isa = PBXGroup;
			children = (
				09B264CC29F5CF1300FC1B2E /* Strings.swift */,
				09B264C329F5A9BA00FC1B2E /* Localizable.strings */,
			);
			path = Resource;
			sourceTree = "<group>";
		};
		097BFAA829F5A28500945B9D /* Source */ = {
			isa = PBXGroup;
			children = (
				097BFAA929F5A31900945B9D /* Core */,
				097BFAAA29F5A33D00945B9D /* Presentation */,
			);
			path = Source;
			sourceTree = "<group>";
		};
		097BFAA929F5A31900945B9D /* Core */ = {
			isa = PBXGroup;
			children = (
				09234BF329ED7BB0002A9E9C /* App */,
			);
			path = Core;
			sourceTree = "<group>";
		};
		097BFAAA29F5A33D00945B9D /* Presentation */ = {
			isa = PBXGroup;
			children = (
				097BFAAB29F5A39100945B9D /* Modules */,
			);
			path = Presentation;
			sourceTree = "<group>";
		};
		097BFAAB29F5A39100945B9D /* Modules */ = {
			isa = PBXGroup;
			children = (
				09234BEC29ED6D8E002A9E9C /* AddExpense */,
			);
			path = Modules;
			sourceTree = "<group>";
		};
		099471BF29EAC585009F1A2E = {
			isa = PBXGroup;
			children = (
				099471CA29EAC585009F1A2E /* Expense Tracker */,
				099471C929EAC585009F1A2E /* Products */,
				FB574A0266F470FC9655C487 /* Pods */,
				5D65DBE900314E3AE7B883F1 /* Frameworks */,
			);
			sourceTree = "<group>";
		};
		099471C929EAC585009F1A2E /* Products */ = {
			isa = PBXGroup;
			children = (
				099471C829EAC585009F1A2E /* Expense Tracker.app */,
			);
			name = Products;
			sourceTree = "<group>";
		};
		099471CA29EAC585009F1A2E /* Expense Tracker */ = {
			isa = PBXGroup;
			children = (
				097BFAA729F5A27700945B9D /* Resource */,
				097BFAA829F5A28500945B9D /* Source */,
				099471D429EAC587009F1A2E /* Assets.xcassets */,
				0968549F29F7FFF400969D59 /* LaunchScreen.storyboard */,
				099471D929EAC587009F1A2E /* Info.plist */,
			);
			path = "Expense Tracker";
			sourceTree = "<group>";
		};
		5D65DBE900314E3AE7B883F1 /* Frameworks */ = {
			isa = PBXGroup;
			children = (
				399E92AC36784D7A6C3E86DE /* Pods_Expense_Tracker.framework */,
			);
			name = Frameworks;
			sourceTree = "<group>";
		};
		FB574A0266F470FC9655C487 /* Pods */ = {
			isa = PBXGroup;
			children = (
				9EE12D37DC8394EE81B79756 /* Pods-Expense Tracker.debug.xcconfig */,
				C65253AE62DC4334DA0F1FA5 /* Pods-Expense Tracker.release.xcconfig */,
			);
			path = Pods;
			sourceTree = "<group>";
		};
/* End PBXGroup section */

/* Begin PBXNativeTarget section */
		099471C729EAC585009F1A2E /* Expense Tracker */ = {
			isa = PBXNativeTarget;
			buildConfigurationList = 099471DC29EAC587009F1A2E /* Build configuration list for PBXNativeTarget "Expense Tracker" */;
			buildPhases = (
				70AD1B229B3C30F05C447E8A /* [CP] Check Pods Manifest.lock */,
				099471C429EAC585009F1A2E /* Sources */,
				099471C529EAC585009F1A2E /* Frameworks */,
				099471C629EAC585009F1A2E /* Resources */,
				0920CB7429F19F0A00872477 /* ShellScript */,
			);
			buildRules = (
			);
			dependencies = (
			);
			name = "Expense Tracker";
			productName = "Expense Tracker";
			productReference = 099471C829EAC585009F1A2E /* Expense Tracker.app */;
			productType = "com.apple.product-type.application";
		};
/* End PBXNativeTarget section */

/* Begin PBXProject section */
		099471C029EAC585009F1A2E /* Project object */ = {
			isa = PBXProject;
			attributes = {
				BuildIndependentTargetsInParallel = 1;
				LastSwiftUpdateCheck = 1420;
				LastUpgradeCheck = 1420;
				TargetAttributes = {
					099471C729EAC585009F1A2E = {
						CreatedOnToolsVersion = 14.2;
					};
				};
			};
			buildConfigurationList = 099471C329EAC585009F1A2E /* Build configuration list for PBXProject "Expense Tracker" */;
			compatibilityVersion = "Xcode 14.0";
			developmentRegion = en;
			hasScannedForEncodings = 0;
			knownRegions = (
				en,
				Base,
				ru,
			);
			mainGroup = 099471BF29EAC585009F1A2E;
			productRefGroup = 099471C929EAC585009F1A2E /* Products */;
			projectDirPath = "";
			projectRoot = "";
			targets = (
				099471C729EAC585009F1A2E /* Expense Tracker */,
			);
		};
/* End PBXProject section */

/* Begin PBXResourcesBuildPhase section */
		099471C629EAC585009F1A2E /* Resources */ = {
			isa = PBXResourcesBuildPhase;
			buildActionMask = 2147483647;
			files = (
				096854A029F7FFF400969D59 /* LaunchScreen.storyboard in Resources */,
				09B264C129F5A9BA00FC1B2E /* Localizable.strings in Resources */,
				099471D529EAC587009F1A2E /* Assets.xcassets in Resources */,
			);
			runOnlyForDeploymentPostprocessing = 0;
		};
/* End PBXResourcesBuildPhase section */

/* Begin PBXShellScriptBuildPhase section */
		0920CB7429F19F0A00872477 /* ShellScript */ = {
			isa = PBXShellScriptBuildPhase;
			alwaysOutOfDate = 1;
			buildActionMask = 2147483647;
			files = (
			);
			inputFileListPaths = (
			);
			inputPaths = (
			);
			outputFileListPaths = (
			);
			outputPaths = (
			);
			runOnlyForDeploymentPostprocessing = 0;
			shellPath = /bin/sh;
			shellScript = "#\"${PODS_ROOT}/SwiftLint/swiftlint\"\n\n";
		};
		70AD1B229B3C30F05C447E8A /* [CP] Check Pods Manifest.lock */ = {
			isa = PBXShellScriptBuildPhase;
			buildActionMask = 2147483647;
			files = (
			);
			inputFileListPaths = (
			);
			inputPaths = (
				"${PODS_PODFILE_DIR_PATH}/Podfile.lock",
				"${PODS_ROOT}/Manifest.lock",
			);
			name = "[CP] Check Pods Manifest.lock";
			outputFileListPaths = (
			);
			outputPaths = (
				"$(DERIVED_FILE_DIR)/Pods-Expense Tracker-checkManifestLockResult.txt",
			);
			runOnlyForDeploymentPostprocessing = 0;
			shellPath = /bin/sh;
			shellScript = "diff \"${PODS_PODFILE_DIR_PATH}/Podfile.lock\" \"${PODS_ROOT}/Manifest.lock\" > /dev/null\nif [ $? != 0 ] ; then\n    # print error to STDERR\n    echo \"error: The sandbox is not in sync with the Podfile.lock. Run 'pod install' or update your CocoaPods installation.\" >&2\n    exit 1\nfi\n# This output is used by Xcode 'outputs' to avoid re-running this script phase.\necho \"SUCCESS\" > \"${SCRIPT_OUTPUT_FILE_0}\"\n";
			showEnvVarsInLog = 0;
		};
/* End PBXShellScriptBuildPhase section */

/* Begin PBXSourcesBuildPhase section */
		099471C429EAC585009F1A2E /* Sources */ = {
			isa = PBXSourcesBuildPhase;
			buildActionMask = 2147483647;
			files = (
				09234BEE29ED6DCC002A9E9C /* AddExpenseViewController.swift in Sources */,
				099471CC29EAC585009F1A2E /* AppDelegate.swift in Sources */,
				099471CE29EAC585009F1A2E /* SceneDelegate.swift in Sources */,
				09234BF029ED7221002A9E9C /* AddExpensePresenter.swift in Sources */,
				09B264CD29F5CF1300FC1B2E /* Strings.swift in Sources */,
				09234BF229ED7A63002A9E9C /* AddExpenseModuleBuilder.swift in Sources */,
			);
			runOnlyForDeploymentPostprocessing = 0;
		};
/* End PBXSourcesBuildPhase section */

/* Begin PBXVariantGroup section */
		09B264C329F5A9BA00FC1B2E /* Localizable.strings */ = {
			isa = PBXVariantGroup;
			children = (
				09B264C229F5A9BA00FC1B2E /* en */,
				09B264CB29F5CB7F00FC1B2E /* ru */,
			);
			name = Localizable.strings;
			sourceTree = "<group>";
		};
/* End PBXVariantGroup section */

/* Begin XCBuildConfiguration section */
		099471DA29EAC587009F1A2E /* Debug */ = {
			isa = XCBuildConfiguration;
			buildSettings = {
				ALWAYS_SEARCH_USER_PATHS = NO;
				CLANG_ANALYZER_LOCALIZABILITY_NONLOCALIZED = YES;
				CLANG_ANALYZER_NONNULL = YES;
				CLANG_ANALYZER_NUMBER_OBJECT_CONVERSION = YES_AGGRESSIVE;
				CLANG_CXX_LANGUAGE_STANDARD = "gnu++20";
				CLANG_ENABLE_MODULES = YES;
				CLANG_ENABLE_OBJC_ARC = YES;
				CLANG_ENABLE_OBJC_WEAK = YES;
				CLANG_WARN_BLOCK_CAPTURE_AUTORELEASING = YES;
				CLANG_WARN_BOOL_CONVERSION = YES;
				CLANG_WARN_COMMA = YES;
				CLANG_WARN_CONSTANT_CONVERSION = YES;
				CLANG_WARN_DEPRECATED_OBJC_IMPLEMENTATIONS = YES;
				CLANG_WARN_DIRECT_OBJC_ISA_USAGE = YES_ERROR;
				CLANG_WARN_DOCUMENTATION_COMMENTS = YES;
				CLANG_WARN_EMPTY_BODY = YES;
				CLANG_WARN_ENUM_CONVERSION = YES;
				CLANG_WARN_INFINITE_RECURSION = YES;
				CLANG_WARN_INT_CONVERSION = YES;
				CLANG_WARN_NON_LITERAL_NULL_CONVERSION = YES;
				CLANG_WARN_OBJC_IMPLICIT_RETAIN_SELF = YES;
				CLANG_WARN_OBJC_LITERAL_CONVERSION = YES;
				CLANG_WARN_OBJC_ROOT_CLASS = YES_ERROR;
				CLANG_WARN_QUOTED_INCLUDE_IN_FRAMEWORK_HEADER = YES;
				CLANG_WARN_RANGE_LOOP_ANALYSIS = YES;
				CLANG_WARN_STRICT_PROTOTYPES = YES;
				CLANG_WARN_SUSPICIOUS_MOVE = YES;
				CLANG_WARN_UNGUARDED_AVAILABILITY = YES_AGGRESSIVE;
				CLANG_WARN_UNREACHABLE_CODE = YES;
				CLANG_WARN__DUPLICATE_METHOD_MATCH = YES;
				COPY_PHASE_STRIP = NO;
				DEBUG_INFORMATION_FORMAT = dwarf;
				ENABLE_STRICT_OBJC_MSGSEND = YES;
				ENABLE_TESTABILITY = YES;
				GCC_C_LANGUAGE_STANDARD = gnu11;
				GCC_DYNAMIC_NO_PIC = NO;
				GCC_NO_COMMON_BLOCKS = YES;
				GCC_OPTIMIZATION_LEVEL = 0;
				GCC_PREPROCESSOR_DEFINITIONS = (
					"DEBUG=1",
					"$(inherited)",
				);
				GCC_WARN_64_TO_32_BIT_CONVERSION = YES;
				GCC_WARN_ABOUT_RETURN_TYPE = YES_ERROR;
				GCC_WARN_UNDECLARED_SELECTOR = YES;
				GCC_WARN_UNINITIALIZED_AUTOS = YES_AGGRESSIVE;
				GCC_WARN_UNUSED_FUNCTION = YES;
				GCC_WARN_UNUSED_VARIABLE = YES;
				IPHONEOS_DEPLOYMENT_TARGET = 16.2;
				MTL_ENABLE_DEBUG_INFO = INCLUDE_SOURCE;
				MTL_FAST_MATH = YES;
				ONLY_ACTIVE_ARCH = YES;
				SDKROOT = iphoneos;
				SWIFT_ACTIVE_COMPILATION_CONDITIONS = DEBUG;
				SWIFT_OPTIMIZATION_LEVEL = "-Onone";
			};
			name = Debug;
		};
		099471DB29EAC587009F1A2E /* Release */ = {
			isa = XCBuildConfiguration;
			buildSettings = {
				ALWAYS_SEARCH_USER_PATHS = NO;
				CLANG_ANALYZER_LOCALIZABILITY_NONLOCALIZED = YES;
				CLANG_ANALYZER_NONNULL = YES;
				CLANG_ANALYZER_NUMBER_OBJECT_CONVERSION = YES_AGGRESSIVE;
				CLANG_CXX_LANGUAGE_STANDARD = "gnu++20";
				CLANG_ENABLE_MODULES = YES;
				CLANG_ENABLE_OBJC_ARC = YES;
				CLANG_ENABLE_OBJC_WEAK = YES;
				CLANG_WARN_BLOCK_CAPTURE_AUTORELEASING = YES;
				CLANG_WARN_BOOL_CONVERSION = YES;
				CLANG_WARN_COMMA = YES;
				CLANG_WARN_CONSTANT_CONVERSION = YES;
				CLANG_WARN_DEPRECATED_OBJC_IMPLEMENTATIONS = YES;
				CLANG_WARN_DIRECT_OBJC_ISA_USAGE = YES_ERROR;
				CLANG_WARN_DOCUMENTATION_COMMENTS = YES;
				CLANG_WARN_EMPTY_BODY = YES;
				CLANG_WARN_ENUM_CONVERSION = YES;
				CLANG_WARN_INFINITE_RECURSION = YES;
				CLANG_WARN_INT_CONVERSION = YES;
				CLANG_WARN_NON_LITERAL_NULL_CONVERSION = YES;
				CLANG_WARN_OBJC_IMPLICIT_RETAIN_SELF = YES;
				CLANG_WARN_OBJC_LITERAL_CONVERSION = YES;
				CLANG_WARN_OBJC_ROOT_CLASS = YES_ERROR;
				CLANG_WARN_QUOTED_INCLUDE_IN_FRAMEWORK_HEADER = YES;
				CLANG_WARN_RANGE_LOOP_ANALYSIS = YES;
				CLANG_WARN_STRICT_PROTOTYPES = YES;
				CLANG_WARN_SUSPICIOUS_MOVE = YES;
				CLANG_WARN_UNGUARDED_AVAILABILITY = YES_AGGRESSIVE;
				CLANG_WARN_UNREACHABLE_CODE = YES;
				CLANG_WARN__DUPLICATE_METHOD_MATCH = YES;
				COPY_PHASE_STRIP = NO;
				DEBUG_INFORMATION_FORMAT = "dwarf-with-dsym";
				ENABLE_NS_ASSERTIONS = NO;
				ENABLE_STRICT_OBJC_MSGSEND = YES;
				GCC_C_LANGUAGE_STANDARD = gnu11;
				GCC_NO_COMMON_BLOCKS = YES;
				GCC_WARN_64_TO_32_BIT_CONVERSION = YES;
				GCC_WARN_ABOUT_RETURN_TYPE = YES_ERROR;
				GCC_WARN_UNDECLARED_SELECTOR = YES;
				GCC_WARN_UNINITIALIZED_AUTOS = YES_AGGRESSIVE;
				GCC_WARN_UNUSED_FUNCTION = YES;
				GCC_WARN_UNUSED_VARIABLE = YES;
				IPHONEOS_DEPLOYMENT_TARGET = 16.2;
				MTL_ENABLE_DEBUG_INFO = NO;
				MTL_FAST_MATH = YES;
				SDKROOT = iphoneos;
				SWIFT_COMPILATION_MODE = wholemodule;
				SWIFT_OPTIMIZATION_LEVEL = "-O";
				VALIDATE_PRODUCT = YES;
			};
			name = Release;
		};
		099471DD29EAC587009F1A2E /* Debug */ = {
			isa = XCBuildConfiguration;
			baseConfigurationReference = 9EE12D37DC8394EE81B79756 /* Pods-Expense Tracker.debug.xcconfig */;
			buildSettings = {
				ASSETCATALOG_COMPILER_APPICON_NAME = AppIcon;
				ASSETCATALOG_COMPILER_GLOBAL_ACCENT_COLOR_NAME = AccentColor;
				CODE_SIGN_STYLE = Automatic;
				CURRENT_PROJECT_VERSION = 1;
				DEVELOPMENT_TEAM = KM5T4W7X2G;
				GENERATE_INFOPLIST_FILE = YES;
				INFOPLIST_FILE = "Expense Tracker/Info.plist";
				INFOPLIST_KEY_UIApplicationSupportsIndirectInputEvents = YES;
				INFOPLIST_KEY_UILaunchStoryboardName = LaunchScreen;
				INFOPLIST_KEY_UISupportedInterfaceOrientations = UIInterfaceOrientationPortrait;
				LD_RUNPATH_SEARCH_PATHS = (
					"$(inherited)",
					"@executable_path/Frameworks",
				);
				MARKETING_VERSION = 1.0;
				PRODUCT_BUNDLE_IDENTIFIER = "Ekaterina-Volobueva.Expense-Tracker";
				PRODUCT_NAME = "$(TARGET_NAME)";
				SWIFT_EMIT_LOC_STRINGS = YES;
				SWIFT_VERSION = 5.0;
				TARGETED_DEVICE_FAMILY = "1,2";
			};
			name = Debug;
		};
		099471DE29EAC587009F1A2E /* Release */ = {
			isa = XCBuildConfiguration;
			baseConfigurationReference = C65253AE62DC4334DA0F1FA5 /* Pods-Expense Tracker.release.xcconfig */;
			buildSettings = {
				ASSETCATALOG_COMPILER_APPICON_NAME = AppIcon;
				ASSETCATALOG_COMPILER_GLOBAL_ACCENT_COLOR_NAME = AccentColor;
				CODE_SIGN_STYLE = Automatic;
				CURRENT_PROJECT_VERSION = 1;
				DEVELOPMENT_TEAM = KM5T4W7X2G;
				GENERATE_INFOPLIST_FILE = YES;
				INFOPLIST_FILE = "Expense Tracker/Info.plist";
				INFOPLIST_KEY_UIApplicationSupportsIndirectInputEvents = YES;
				INFOPLIST_KEY_UILaunchStoryboardName = LaunchScreen;
				INFOPLIST_KEY_UISupportedInterfaceOrientations = UIInterfaceOrientationPortrait;
				LD_RUNPATH_SEARCH_PATHS = (
					"$(inherited)",
					"@executable_path/Frameworks",
				);
				MARKETING_VERSION = 1.0;
				PRODUCT_BUNDLE_IDENTIFIER = "com.Ekaterina-Volobueva.Expense-Tracker";
				PRODUCT_NAME = "$(TARGET_NAME)";
				SWIFT_EMIT_LOC_STRINGS = YES;
				SWIFT_VERSION = 5.0;
				TARGETED_DEVICE_FAMILY = "1,2";
			};
			name = Release;
		};
/* End XCBuildConfiguration section */

/* Begin XCConfigurationList section */
		099471C329EAC585009F1A2E /* Build configuration list for PBXProject "Expense Tracker" */ = {
			isa = XCConfigurationList;
			buildConfigurations = (
				099471DA29EAC587009F1A2E /* Debug */,
				099471DB29EAC587009F1A2E /* Release */,
			);
			defaultConfigurationIsVisible = 0;
			defaultConfigurationName = Release;
		};
		099471DC29EAC587009F1A2E /* Build configuration list for PBXNativeTarget "Expense Tracker" */ = {
			isa = XCConfigurationList;
			buildConfigurations = (
				099471DD29EAC587009F1A2E /* Debug */,
				099471DE29EAC587009F1A2E /* Release */,
			);
			defaultConfigurationIsVisible = 0;
			defaultConfigurationName = Release;
		};
/* End XCConfigurationList section */
	};
	rootObject = 099471C029EAC585009F1A2E /* Project object */;
}
