// !$*UTF8*$!
{
	archiveVersion = 1;
	classes = {
	};
	objectVersion = 56;
	objects = {

/* Begin PBXBuildFile section */
		09145B062A5B11BA0089C1BC /* CalendarViewController.swift in Sources */ = {isa = PBXBuildFile; fileRef = 09145B052A5B11BA0089C1BC /* CalendarViewController.swift */; };
		09145B082A5B33FF0089C1BC /* CalendarView.swift in Sources */ = {isa = PBXBuildFile; fileRef = 09145B072A5B33FF0089C1BC /* CalendarView.swift */; };
		09145B0A2A5B34160089C1BC /* CalendarModuleBuilder.swift in Sources */ = {isa = PBXBuildFile; fileRef = 09145B092A5B34160089C1BC /* CalendarModuleBuilder.swift */; };
		09145B0C2A5B342A0089C1BC /* CalendarPresenter.swift in Sources */ = {isa = PBXBuildFile; fileRef = 09145B0B2A5B342A0089C1BC /* CalendarPresenter.swift */; };
		0916C49F2A312CB40016C7C1 /* UIFonts+Extension.swift in Sources */ = {isa = PBXBuildFile; fileRef = 0916C49E2A312CB40016C7C1 /* UIFonts+Extension.swift */; };
		091F6C362A24C5DF00C22E00 /* SelfSizingTableView.swift in Sources */ = {isa = PBXBuildFile; fileRef = 091F6C352A24C5DF00C22E00 /* SelfSizingTableView.swift */; };
		09234BEE29ED6DCC002A9E9C /* AddExpenseViewController.swift in Sources */ = {isa = PBXBuildFile; fileRef = 09234BED29ED6DCC002A9E9C /* AddExpenseViewController.swift */; };
		09234BF029ED7221002A9E9C /* AddExpensePresenter.swift in Sources */ = {isa = PBXBuildFile; fileRef = 09234BEF29ED7221002A9E9C /* AddExpensePresenter.swift */; };
		09234BF229ED7A63002A9E9C /* AddExpenseModuleBuilder.swift in Sources */ = {isa = PBXBuildFile; fileRef = 09234BF129ED7A63002A9E9C /* AddExpenseModuleBuilder.swift */; };
		092D92462A0AED2900794A45 /* CoordinatorProtocol.swift in Sources */ = {isa = PBXBuildFile; fileRef = 092D92452A0AED2900794A45 /* CoordinatorProtocol.swift */; };
		094224F82A195FD000BEC368 /* UIView+Extension.swift in Sources */ = {isa = PBXBuildFile; fileRef = 094224F72A195FD000BEC368 /* UIView+Extension.swift */; };
		09443AC02A16B473009291D8 /* AddExpenseCollectionViewCell.swift in Sources */ = {isa = PBXBuildFile; fileRef = 09443ABF2A16B473009291D8 /* AddExpenseCollectionViewCell.swift */; };
		0959077E2A39D03E004E8542 /* DetailTableViewCell.swift in Sources */ = {isa = PBXBuildFile; fileRef = 0959077D2A39D03E004E8542 /* DetailTableViewCell.swift */; };
		096854A029F7FFF400969D59 /* LaunchScreen.storyboard in Resources */ = {isa = PBXBuildFile; fileRef = 0968549F29F7FFF400969D59 /* LaunchScreen.storyboard */; };
		0977EDC72A2798EE00E56822 /* UITableView+Extension.swift in Sources */ = {isa = PBXBuildFile; fileRef = 0977EDC62A2798EE00E56822 /* UITableView+Extension.swift */; };
		0977EDC92A27991B00E56822 /* UICollectionView+Extension.swift in Sources */ = {isa = PBXBuildFile; fileRef = 0977EDC82A27991B00E56822 /* UICollectionView+Extension.swift */; };
		097AAA142A61AB2D00498201 /* CustomButton.swift in Sources */ = {isa = PBXBuildFile; fileRef = 097AAA132A61AB2D00498201 /* CustomButton.swift */; };
		098BA6D02A0EBD390007C633 /* UIColor+Extension.swift in Sources */ = {isa = PBXBuildFile; fileRef = 098BA6CF2A0EBD390007C633 /* UIColor+Extension.swift */; };
		099471CC29EAC585009F1A2E /* AppDelegate.swift in Sources */ = {isa = PBXBuildFile; fileRef = 099471CB29EAC585009F1A2E /* AppDelegate.swift */; };
		099471CE29EAC585009F1A2E /* SceneDelegate.swift in Sources */ = {isa = PBXBuildFile; fileRef = 099471CD29EAC585009F1A2E /* SceneDelegate.swift */; };
		099471D529EAC587009F1A2E /* Assets.xcassets in Resources */ = {isa = PBXBuildFile; fileRef = 099471D429EAC587009F1A2E /* Assets.xcassets */; };
		09ACC81B2A1511320082343F /* CategoryViewController.swift in Sources */ = {isa = PBXBuildFile; fileRef = 09ACC81A2A1511320082343F /* CategoryViewController.swift */; };
		09B264C129F5A9BA00FC1B2E /* Localizable.strings in Resources */ = {isa = PBXBuildFile; fileRef = 09B264C329F5A9BA00FC1B2E /* Localizable.strings */; };
		09B264CD29F5CF1300FC1B2E /* Strings.swift in Sources */ = {isa = PBXBuildFile; fileRef = 09B264CC29F5CF1300FC1B2E /* Strings.swift */; };
		09B84CB42A0C0DF100EB4B95 /* Category.swift in Sources */ = {isa = PBXBuildFile; fileRef = 09B84CB32A0C0DF100EB4B95 /* Category.swift */; };
		09B84CB62A0C0EFC00EB4B95 /* AddExpenseCoordinator.swift in Sources */ = {isa = PBXBuildFile; fileRef = 09B84CB52A0C0EFC00EB4B95 /* AddExpenseCoordinator.swift */; };
		09DA2F7E2A1B793900758A46 /* Expense.swift in Sources */ = {isa = PBXBuildFile; fileRef = 09DA2F7D2A1B793900758A46 /* Expense.swift */; };
		09DA2F812A1B9B1000758A46 /* CategoryTableViewCell.swift in Sources */ = {isa = PBXBuildFile; fileRef = 09DA2F802A1B9B1000758A46 /* CategoryTableViewCell.swift */; };
		09DA2F832A1BA1B500758A46 /* DateTableViewCell.swift in Sources */ = {isa = PBXBuildFile; fileRef = 09DA2F822A1BA1B500758A46 /* DateTableViewCell.swift */; };
		09DB34322A10E630001964D5 /* Colors.swift in Sources */ = {isa = PBXBuildFile; fileRef = 09DB34312A10E630001964D5 /* Colors.swift */; };
		09E16F762A4259C4007CD0A9 /* CategoryView.swift in Sources */ = {isa = PBXBuildFile; fileRef = 09E16F752A4259C4007CD0A9 /* CategoryView.swift */; };
		09E16F782A4259EA007CD0A9 /* CategoryModuleBuilder.swift in Sources */ = {isa = PBXBuildFile; fileRef = 09E16F772A4259EA007CD0A9 /* CategoryModuleBuilder.swift */; };
		09E16F7A2A4259FD007CD0A9 /* CategoryPresenter.swift in Sources */ = {isa = PBXBuildFile; fileRef = 09E16F792A4259FD007CD0A9 /* CategoryPresenter.swift */; };
		09E16F802A4339C0007CD0A9 /* CategoryCollectionViewCell.swift in Sources */ = {isa = PBXBuildFile; fileRef = 09E16F7F2A4339C0007CD0A9 /* CategoryCollectionViewCell.swift */; };
		09EE90ED2A03CBE80017CC3F /* AddExpenseView.swift in Sources */ = {isa = PBXBuildFile; fileRef = 09EE90EC2A03CBE80017CC3F /* AddExpenseView.swift */; };
		09F49B102A069E8000619F6B /* AppCoordinator.swift in Sources */ = {isa = PBXBuildFile; fileRef = 09F49B0F2A069E8000619F6B /* AppCoordinator.swift */; };
		09F49B122A06A30A00619F6B /* TabBarController.swift in Sources */ = {isa = PBXBuildFile; fileRef = 09F49B112A06A30A00619F6B /* TabBarController.swift */; };
		BD4BBDE6CCD27F7940F34E93 /* Pods_Expense_Tracker.framework in Frameworks */ = {isa = PBXBuildFile; fileRef = 604997D45E042619E849777C /* Pods_Expense_Tracker.framework */; };
/* End PBXBuildFile section */

/* Begin PBXFileReference section */
		09145B052A5B11BA0089C1BC /* CalendarViewController.swift */ = {isa = PBXFileReference; lastKnownFileType = sourcecode.swift; path = CalendarViewController.swift; sourceTree = "<group>"; };
		09145B072A5B33FF0089C1BC /* CalendarView.swift */ = {isa = PBXFileReference; lastKnownFileType = sourcecode.swift; path = CalendarView.swift; sourceTree = "<group>"; };
		09145B092A5B34160089C1BC /* CalendarModuleBuilder.swift */ = {isa = PBXFileReference; lastKnownFileType = sourcecode.swift; path = CalendarModuleBuilder.swift; sourceTree = "<group>"; };
		09145B0B2A5B342A0089C1BC /* CalendarPresenter.swift */ = {isa = PBXFileReference; lastKnownFileType = sourcecode.swift; path = CalendarPresenter.swift; sourceTree = "<group>"; };
		0916C49E2A312CB40016C7C1 /* UIFonts+Extension.swift */ = {isa = PBXFileReference; lastKnownFileType = sourcecode.swift; path = "UIFonts+Extension.swift"; sourceTree = "<group>"; };
		091F6C352A24C5DF00C22E00 /* SelfSizingTableView.swift */ = {isa = PBXFileReference; lastKnownFileType = sourcecode.swift; path = SelfSizingTableView.swift; sourceTree = "<group>"; };
		09234BED29ED6DCC002A9E9C /* AddExpenseViewController.swift */ = {isa = PBXFileReference; lastKnownFileType = sourcecode.swift; path = AddExpenseViewController.swift; sourceTree = "<group>"; };
		09234BEF29ED7221002A9E9C /* AddExpensePresenter.swift */ = {isa = PBXFileReference; lastKnownFileType = sourcecode.swift; path = AddExpensePresenter.swift; sourceTree = "<group>"; };
		09234BF129ED7A63002A9E9C /* AddExpenseModuleBuilder.swift */ = {isa = PBXFileReference; lastKnownFileType = sourcecode.swift; path = AddExpenseModuleBuilder.swift; sourceTree = "<group>"; };
		092D92452A0AED2900794A45 /* CoordinatorProtocol.swift */ = {isa = PBXFileReference; lastKnownFileType = sourcecode.swift; path = CoordinatorProtocol.swift; sourceTree = "<group>"; };
		094224F72A195FD000BEC368 /* UIView+Extension.swift */ = {isa = PBXFileReference; lastKnownFileType = sourcecode.swift; path = "UIView+Extension.swift"; sourceTree = "<group>"; };
		09443ABF2A16B473009291D8 /* AddExpenseCollectionViewCell.swift */ = {isa = PBXFileReference; lastKnownFileType = sourcecode.swift; path = AddExpenseCollectionViewCell.swift; sourceTree = "<group>"; };
		0959077D2A39D03E004E8542 /* DetailTableViewCell.swift */ = {isa = PBXFileReference; lastKnownFileType = sourcecode.swift; path = DetailTableViewCell.swift; sourceTree = "<group>"; };
		0968549F29F7FFF400969D59 /* LaunchScreen.storyboard */ = {isa = PBXFileReference; lastKnownFileType = file.storyboard; path = LaunchScreen.storyboard; sourceTree = "<group>"; };
		0977EDC62A2798EE00E56822 /* UITableView+Extension.swift */ = {isa = PBXFileReference; lastKnownFileType = sourcecode.swift; path = "UITableView+Extension.swift"; sourceTree = "<group>"; };
		0977EDC82A27991B00E56822 /* UICollectionView+Extension.swift */ = {isa = PBXFileReference; lastKnownFileType = sourcecode.swift; path = "UICollectionView+Extension.swift"; sourceTree = "<group>"; };
		097AAA132A61AB2D00498201 /* CustomButton.swift */ = {isa = PBXFileReference; lastKnownFileType = sourcecode.swift; path = CustomButton.swift; sourceTree = "<group>"; };
		098BA6CF2A0EBD390007C633 /* UIColor+Extension.swift */ = {isa = PBXFileReference; lastKnownFileType = sourcecode.swift; path = "UIColor+Extension.swift"; sourceTree = "<group>"; };
		099471C829EAC585009F1A2E /* Expense Tracker.app */ = {isa = PBXFileReference; explicitFileType = wrapper.application; includeInIndex = 0; path = "Expense Tracker.app"; sourceTree = BUILT_PRODUCTS_DIR; };
		099471CB29EAC585009F1A2E /* AppDelegate.swift */ = {isa = PBXFileReference; lastKnownFileType = sourcecode.swift; path = AppDelegate.swift; sourceTree = "<group>"; };
		099471CD29EAC585009F1A2E /* SceneDelegate.swift */ = {isa = PBXFileReference; lastKnownFileType = sourcecode.swift; path = SceneDelegate.swift; sourceTree = "<group>"; };
		099471D429EAC587009F1A2E /* Assets.xcassets */ = {isa = PBXFileReference; lastKnownFileType = folder.assetcatalog; path = Assets.xcassets; sourceTree = "<group>"; };
		099471D929EAC587009F1A2E /* Info.plist */ = {isa = PBXFileReference; lastKnownFileType = text.plist.xml; path = Info.plist; sourceTree = "<group>"; };
		09ACC81A2A1511320082343F /* CategoryViewController.swift */ = {isa = PBXFileReference; lastKnownFileType = sourcecode.swift; path = CategoryViewController.swift; sourceTree = "<group>"; };
		09B264C229F5A9BA00FC1B2E /* en */ = {isa = PBXFileReference; lastKnownFileType = text.plist.strings; name = en; path = en.lproj/Localizable.strings; sourceTree = "<group>"; };
		09B264CB29F5CB7F00FC1B2E /* ru */ = {isa = PBXFileReference; lastKnownFileType = text.plist.strings; name = ru; path = ru.lproj/Localizable.strings; sourceTree = "<group>"; };
		09B264CC29F5CF1300FC1B2E /* Strings.swift */ = {isa = PBXFileReference; lastKnownFileType = sourcecode.swift; path = Strings.swift; sourceTree = "<group>"; };
		09B84CB32A0C0DF100EB4B95 /* Category.swift */ = {isa = PBXFileReference; lastKnownFileType = sourcecode.swift; path = Category.swift; sourceTree = "<group>"; };
		09B84CB52A0C0EFC00EB4B95 /* AddExpenseCoordinator.swift */ = {isa = PBXFileReference; lastKnownFileType = sourcecode.swift; path = AddExpenseCoordinator.swift; sourceTree = "<group>"; };
		09DA2F7D2A1B793900758A46 /* Expense.swift */ = {isa = PBXFileReference; lastKnownFileType = sourcecode.swift; path = Expense.swift; sourceTree = "<group>"; };
		09DA2F802A1B9B1000758A46 /* CategoryTableViewCell.swift */ = {isa = PBXFileReference; lastKnownFileType = sourcecode.swift; path = CategoryTableViewCell.swift; sourceTree = "<group>"; };
		09DA2F822A1BA1B500758A46 /* DateTableViewCell.swift */ = {isa = PBXFileReference; lastKnownFileType = sourcecode.swift; path = DateTableViewCell.swift; sourceTree = "<group>"; };
		09DB34312A10E630001964D5 /* Colors.swift */ = {isa = PBXFileReference; lastKnownFileType = sourcecode.swift; path = Colors.swift; sourceTree = "<group>"; };
		09E16F752A4259C4007CD0A9 /* CategoryView.swift */ = {isa = PBXFileReference; lastKnownFileType = sourcecode.swift; path = CategoryView.swift; sourceTree = "<group>"; };
		09E16F772A4259EA007CD0A9 /* CategoryModuleBuilder.swift */ = {isa = PBXFileReference; lastKnownFileType = sourcecode.swift; path = CategoryModuleBuilder.swift; sourceTree = "<group>"; };
		09E16F792A4259FD007CD0A9 /* CategoryPresenter.swift */ = {isa = PBXFileReference; lastKnownFileType = sourcecode.swift; path = CategoryPresenter.swift; sourceTree = "<group>"; };
		09E16F7F2A4339C0007CD0A9 /* CategoryCollectionViewCell.swift */ = {isa = PBXFileReference; lastKnownFileType = sourcecode.swift; path = CategoryCollectionViewCell.swift; sourceTree = "<group>"; };
		09EE90EC2A03CBE80017CC3F /* AddExpenseView.swift */ = {isa = PBXFileReference; lastKnownFileType = sourcecode.swift; path = AddExpenseView.swift; sourceTree = "<group>"; };
		09F49B0F2A069E8000619F6B /* AppCoordinator.swift */ = {isa = PBXFileReference; lastKnownFileType = sourcecode.swift; path = AppCoordinator.swift; sourceTree = "<group>"; };
		09F49B112A06A30A00619F6B /* TabBarController.swift */ = {isa = PBXFileReference; lastKnownFileType = sourcecode.swift; path = TabBarController.swift; sourceTree = "<group>"; };
		604997D45E042619E849777C /* Pods_Expense_Tracker.framework */ = {isa = PBXFileReference; explicitFileType = wrapper.framework; includeInIndex = 0; path = Pods_Expense_Tracker.framework; sourceTree = BUILT_PRODUCTS_DIR; };
		A2065F209B01B4AF2A81CE62 /* Pods-Expense Tracker.debug.xcconfig */ = {isa = PBXFileReference; includeInIndex = 1; lastKnownFileType = text.xcconfig; name = "Pods-Expense Tracker.debug.xcconfig"; path = "Target Support Files/Pods-Expense Tracker/Pods-Expense Tracker.debug.xcconfig"; sourceTree = "<group>"; };
		F68F0174143A973FF91DBF53 /* Pods-Expense Tracker.release.xcconfig */ = {isa = PBXFileReference; includeInIndex = 1; lastKnownFileType = text.xcconfig; name = "Pods-Expense Tracker.release.xcconfig"; path = "Target Support Files/Pods-Expense Tracker/Pods-Expense Tracker.release.xcconfig"; sourceTree = "<group>"; };
/* End PBXFileReference section */

/* Begin PBXFrameworksBuildPhase section */
		099471C529EAC585009F1A2E /* Frameworks */ = {
			isa = PBXFrameworksBuildPhase;
			buildActionMask = 2147483647;
			files = (
				BD4BBDE6CCD27F7940F34E93 /* Pods_Expense_Tracker.framework in Frameworks */,
			);
			runOnlyForDeploymentPostprocessing = 0;
		};
/* End PBXFrameworksBuildPhase section */

/* Begin PBXGroup section */
		09145B042A5B11920089C1BC /* Calendar */ = {
			isa = PBXGroup;
			children = (
				09145B0B2A5B342A0089C1BC /* CalendarPresenter.swift */,
				09145B052A5B11BA0089C1BC /* CalendarViewController.swift */,
				09145B092A5B34160089C1BC /* CalendarModuleBuilder.swift */,
				09145B072A5B33FF0089C1BC /* CalendarView.swift */,
			);
			path = Calendar;
			sourceTree = "<group>";
		};
		09234BEC29ED6D8E002A9E9C /* AddExpense */ = {
			isa = PBXGroup;
			children = (
				09234BEF29ED7221002A9E9C /* AddExpensePresenter.swift */,
				09234BED29ED6DCC002A9E9C /* AddExpenseViewController.swift */,
				09234BF129ED7A63002A9E9C /* AddExpenseModuleBuilder.swift */,
				09EE90EC2A03CBE80017CC3F /* AddExpenseView.swift */,
				093E3C462A180F510086B7F7 /* AddExpenseCollectionViewCell */,
				09B84CAF2A0C0BC000EB4B95 /* AddExpenseCoordinator */,
			);
			path = AddExpense;
			sourceTree = "<group>";
		};
		09234BF329ED7BB0002A9E9C /* App */ = {
			isa = PBXGroup;
			children = (
				099471CB29EAC585009F1A2E /* AppDelegate.swift */,
				099471CD29EAC585009F1A2E /* SceneDelegate.swift */,
			);
			path = App;
			sourceTree = "<group>";
		};
		093E3C462A180F510086B7F7 /* AddExpenseCollectionViewCell */ = {
			isa = PBXGroup;
			children = (
				09443ABF2A16B473009291D8 /* AddExpenseCollectionViewCell.swift */,
				091F6C352A24C5DF00C22E00 /* SelfSizingTableView.swift */,
				09DA2F7F2A1B9ADA00758A46 /* AddExpenseTableViewCell */,
			);
			path = AddExpenseCollectionViewCell;
			sourceTree = "<group>";
		};
		097AAA112A61A98C00498201 /* CustomComponents */ = {
			isa = PBXGroup;
			children = (
				097AAA122A61A9BB00498201 /* CustomButton */,
			);
			path = CustomComponents;
			sourceTree = "<group>";
		};
		097AAA122A61A9BB00498201 /* CustomButton */ = {
			isa = PBXGroup;
			children = (
				097AAA132A61AB2D00498201 /* CustomButton.swift */,
			);
			path = CustomButton;
			sourceTree = "<group>";
		};
		097BFAA729F5A27700945B9D /* Resource */ = {
			isa = PBXGroup;
			children = (
				09B264CC29F5CF1300FC1B2E /* Strings.swift */,
				09B264C329F5A9BA00FC1B2E /* Localizable.strings */,
			);
			path = Resource;
			sourceTree = "<group>";
		};
		097BFAA829F5A28500945B9D /* Source */ = {
			isa = PBXGroup;
			children = (
				097BFAA929F5A31900945B9D /* Core */,
				09F49B142A06E51600619F6B /* Services */,
				097BFAAA29F5A33D00945B9D /* Presentation */,
				098BA6CE2A0EBD0C0007C633 /* Extensions */,
				097AAA112A61A98C00498201 /* CustomComponents */,
				09B84CB22A0C0DB900EB4B95 /* Models */,
			);
			path = Source;
			sourceTree = "<group>";
		};
		097BFAA929F5A31900945B9D /* Core */ = {
			isa = PBXGroup;
			children = (
				09DB34302A10E603001964D5 /* Theme */,
				09234BF329ED7BB0002A9E9C /* App */,
			);
			path = Core;
			sourceTree = "<group>";
		};
		097BFAAA29F5A33D00945B9D /* Presentation */ = {
			isa = PBXGroup;
			children = (
				09F49B132A06E49E00619F6B /* TabBarController */,
				097BFAAB29F5A39100945B9D /* Modules */,
			);
			path = Presentation;
			sourceTree = "<group>";
		};
		097BFAAB29F5A39100945B9D /* Modules */ = {
			isa = PBXGroup;
			children = (
				09234BEC29ED6D8E002A9E9C /* AddExpense */,
				09145B042A5B11920089C1BC /* Calendar */,
				09E16F742A42593F007CD0A9 /* Category */,
			);
			path = Modules;
			sourceTree = "<group>";
		};
		098BA6CE2A0EBD0C0007C633 /* Extensions */ = {
			isa = PBXGroup;
			children = (
				094224F72A195FD000BEC368 /* UIView+Extension.swift */,
				098BA6CF2A0EBD390007C633 /* UIColor+Extension.swift */,
				0977EDC62A2798EE00E56822 /* UITableView+Extension.swift */,
				0977EDC82A27991B00E56822 /* UICollectionView+Extension.swift */,
				0916C49E2A312CB40016C7C1 /* UIFonts+Extension.swift */,
			);
			path = Extensions;
			sourceTree = "<group>";
		};
		099471BF29EAC585009F1A2E = {
			isa = PBXGroup;
			children = (
				099471CA29EAC585009F1A2E /* Expense Tracker */,
				099471C929EAC585009F1A2E /* Products */,
				FB574A0266F470FC9655C487 /* Pods */,
				4CA0293FDA8DEBBC03ECDD97 /* Frameworks */,
			);
			sourceTree = "<group>";
		};
		099471C929EAC585009F1A2E /* Products */ = {
			isa = PBXGroup;
			children = (
				099471C829EAC585009F1A2E /* Expense Tracker.app */,
			);
			name = Products;
			sourceTree = "<group>";
		};
		099471CA29EAC585009F1A2E /* Expense Tracker */ = {
			isa = PBXGroup;
			children = (
				097BFAA729F5A27700945B9D /* Resource */,
				097BFAA829F5A28500945B9D /* Source */,
				099471D429EAC587009F1A2E /* Assets.xcassets */,
				0968549F29F7FFF400969D59 /* LaunchScreen.storyboard */,
				099471D929EAC587009F1A2E /* Info.plist */,
			);
			path = "Expense Tracker";
			sourceTree = "<group>";
		};
		09B84CAF2A0C0BC000EB4B95 /* AddExpenseCoordinator */ = {
			isa = PBXGroup;
			children = (
				09B84CB52A0C0EFC00EB4B95 /* AddExpenseCoordinator.swift */,
			);
			path = AddExpenseCoordinator;
			sourceTree = "<group>";
		};
		09B84CB22A0C0DB900EB4B95 /* Models */ = {
			isa = PBXGroup;
			children = (
				09B84CB32A0C0DF100EB4B95 /* Category.swift */,
				09DA2F7D2A1B793900758A46 /* Expense.swift */,
			);
			path = Models;
			sourceTree = "<group>";
		};
		09DA2F7F2A1B9ADA00758A46 /* AddExpenseTableViewCell */ = {
			isa = PBXGroup;
			children = (
				09DA2F802A1B9B1000758A46 /* CategoryTableViewCell.swift */,
				09DA2F822A1BA1B500758A46 /* DateTableViewCell.swift */,
				0959077D2A39D03E004E8542 /* DetailTableViewCell.swift */,
			);
			path = AddExpenseTableViewCell;
			sourceTree = "<group>";
		};
		09DB34302A10E603001964D5 /* Theme */ = {
			isa = PBXGroup;
			children = (
				09DB34312A10E630001964D5 /* Colors.swift */,
			);
			path = Theme;
			sourceTree = "<group>";
		};
		09E16F742A42593F007CD0A9 /* Category */ = {
			isa = PBXGroup;
			children = (
				09E16F792A4259FD007CD0A9 /* CategoryPresenter.swift */,
				09ACC81A2A1511320082343F /* CategoryViewController.swift */,
				09E16F772A4259EA007CD0A9 /* CategoryModuleBuilder.swift */,
				09E16F752A4259C4007CD0A9 /* CategoryView.swift */,
				09E16F7E2A433987007CD0A9 /* CategoryCollectionViewCell */,
			);
			path = Category;
			sourceTree = "<group>";
		};
		09E16F7E2A433987007CD0A9 /* CategoryCollectionViewCell */ = {
			isa = PBXGroup;
			children = (
				09E16F7F2A4339C0007CD0A9 /* CategoryCollectionViewCell.swift */,
			);
			path = CategoryCollectionViewCell;
			sourceTree = "<group>";
		};
		09F49B132A06E49E00619F6B /* TabBarController */ = {
			isa = PBXGroup;
			children = (
				09F49B112A06A30A00619F6B /* TabBarController.swift */,
			);
			path = TabBarController;
			sourceTree = "<group>";
		};
		09F49B142A06E51600619F6B /* Services */ = {
			isa = PBXGroup;
			children = (
				09F49B152A06E52F00619F6B /* Coordinator */,
			);
			path = Services;
			sourceTree = "<group>";
		};
		09F49B152A06E52F00619F6B /* Coordinator */ = {
			isa = PBXGroup;
			children = (
				09F49B0F2A069E8000619F6B /* AppCoordinator.swift */,
				092D92452A0AED2900794A45 /* CoordinatorProtocol.swift */,
			);
			path = Coordinator;
			sourceTree = "<group>";
		};
		4CA0293FDA8DEBBC03ECDD97 /* Frameworks */ = {
			isa = PBXGroup;
			children = (
				604997D45E042619E849777C /* Pods_Expense_Tracker.framework */,
			);
			name = Frameworks;
			sourceTree = "<group>";
		};
		FB574A0266F470FC9655C487 /* Pods */ = {
			isa = PBXGroup;
			children = (
				A2065F209B01B4AF2A81CE62 /* Pods-Expense Tracker.debug.xcconfig */,
				F68F0174143A973FF91DBF53 /* Pods-Expense Tracker.release.xcconfig */,
			);
			path = Pods;
			sourceTree = "<group>";
		};
/* End PBXGroup section */

/* Begin PBXNativeTarget section */
		099471C729EAC585009F1A2E /* Expense Tracker */ = {
			isa = PBXNativeTarget;
			buildConfigurationList = 099471DC29EAC587009F1A2E /* Build configuration list for PBXNativeTarget "Expense Tracker" */;
			buildPhases = (
				FA11C0422EAC72CE3058F52A /* [CP] Check Pods Manifest.lock */,
				099471C429EAC585009F1A2E /* Sources */,
				099471C529EAC585009F1A2E /* Frameworks */,
				099471C629EAC585009F1A2E /* Resources */,
				0920CB7429F19F0A00872477 /* ShellScript */,
				D388858C62B1C496BEF59F64 /* [CP] Embed Pods Frameworks */,
			);
			buildRules = (
			);
			dependencies = (
			);
			name = "Expense Tracker";
			productName = "Expense Tracker";
			productReference = 099471C829EAC585009F1A2E /* Expense Tracker.app */;
			productType = "com.apple.product-type.application";
		};
/* End PBXNativeTarget section */

/* Begin PBXProject section */
		099471C029EAC585009F1A2E /* Project object */ = {
			isa = PBXProject;
			attributes = {
				BuildIndependentTargetsInParallel = 1;
				LastSwiftUpdateCheck = 1420;
				LastUpgradeCheck = 1420;
				TargetAttributes = {
					099471C729EAC585009F1A2E = {
						CreatedOnToolsVersion = 14.2;
					};
				};
			};
			buildConfigurationList = 099471C329EAC585009F1A2E /* Build configuration list for PBXProject "Expense Tracker" */;
			compatibilityVersion = "Xcode 14.0";
			developmentRegion = en;
			hasScannedForEncodings = 0;
			knownRegions = (
				en,
				Base,
				ru,
			);
			mainGroup = 099471BF29EAC585009F1A2E;
			productRefGroup = 099471C929EAC585009F1A2E /* Products */;
			projectDirPath = "";
			projectRoot = "";
			targets = (
				099471C729EAC585009F1A2E /* Expense Tracker */,
			);
		};
/* End PBXProject section */

/* Begin PBXResourcesBuildPhase section */
		099471C629EAC585009F1A2E /* Resources */ = {
			isa = PBXResourcesBuildPhase;
			buildActionMask = 2147483647;
			files = (
				096854A029F7FFF400969D59 /* LaunchScreen.storyboard in Resources */,
				09B264C129F5A9BA00FC1B2E /* Localizable.strings in Resources */,
				099471D529EAC587009F1A2E /* Assets.xcassets in Resources */,
			);
			runOnlyForDeploymentPostprocessing = 0;
		};
/* End PBXResourcesBuildPhase section */

/* Begin PBXShellScriptBuildPhase section */
		0920CB7429F19F0A00872477 /* ShellScript */ = {
			isa = PBXShellScriptBuildPhase;
			alwaysOutOfDate = 1;
			buildActionMask = 2147483647;
			files = (
			);
			inputFileListPaths = (
			);
			inputPaths = (
			);
			outputFileListPaths = (
			);
			outputPaths = (
			);
			runOnlyForDeploymentPostprocessing = 0;
			shellPath = /bin/sh;
			shellScript = "#\"${PODS_ROOT}/SwiftLint/swiftlint\"\n\n";
		};
		D388858C62B1C496BEF59F64 /* [CP] Embed Pods Frameworks */ = {
			isa = PBXShellScriptBuildPhase;
			buildActionMask = 2147483647;
			files = (
			);
			inputFileListPaths = (
				"${PODS_ROOT}/Target Support Files/Pods-Expense Tracker/Pods-Expense Tracker-frameworks-${CONFIGURATION}-input-files.xcfilelist",
			);
			name = "[CP] Embed Pods Frameworks";
			outputFileListPaths = (
				"${PODS_ROOT}/Target Support Files/Pods-Expense Tracker/Pods-Expense Tracker-frameworks-${CONFIGURATION}-output-files.xcfilelist",
			);
			runOnlyForDeploymentPostprocessing = 0;
			shellPath = /bin/sh;
			shellScript = "\"${PODS_ROOT}/Target Support Files/Pods-Expense Tracker/Pods-Expense Tracker-frameworks.sh\"\n";
			showEnvVarsInLog = 0;
		};
		FA11C0422EAC72CE3058F52A /* [CP] Check Pods Manifest.lock */ = {
			isa = PBXShellScriptBuildPhase;
			buildActionMask = 2147483647;
			files = (
			);
			inputFileListPaths = (
			);
			inputPaths = (
				"${PODS_PODFILE_DIR_PATH}/Podfile.lock",
				"${PODS_ROOT}/Manifest.lock",
			);
			name = "[CP] Check Pods Manifest.lock";
			outputFileListPaths = (
			);
			outputPaths = (
				"$(DERIVED_FILE_DIR)/Pods-Expense Tracker-checkManifestLockResult.txt",
			);
			runOnlyForDeploymentPostprocessing = 0;
			shellPath = /bin/sh;
			shellScript = "diff \"${PODS_PODFILE_DIR_PATH}/Podfile.lock\" \"${PODS_ROOT}/Manifest.lock\" > /dev/null\nif [ $? != 0 ] ; then\n    # print error to STDERR\n    echo \"error: The sandbox is not in sync with the Podfile.lock. Run 'pod install' or update your CocoaPods installation.\" >&2\n    exit 1\nfi\n# This output is used by Xcode 'outputs' to avoid re-running this script phase.\necho \"SUCCESS\" > \"${SCRIPT_OUTPUT_FILE_0}\"\n";
			showEnvVarsInLog = 0;
		};
/* End PBXShellScriptBuildPhase section */

/* Begin PBXSourcesBuildPhase section */
		099471C429EAC585009F1A2E /* Sources */ = {
			isa = PBXSourcesBuildPhase;
			buildActionMask = 2147483647;
			files = (
				09E16F7A2A4259FD007CD0A9 /* CategoryPresenter.swift in Sources */,
				09234BEE29ED6DCC002A9E9C /* AddExpenseViewController.swift in Sources */,
				09145B082A5B33FF0089C1BC /* CalendarView.swift in Sources */,
				099471CC29EAC585009F1A2E /* AppDelegate.swift in Sources */,
				09145B0C2A5B342A0089C1BC /* CalendarPresenter.swift in Sources */,
				092D92462A0AED2900794A45 /* CoordinatorProtocol.swift in Sources */,
				09DB34322A10E630001964D5 /* Colors.swift in Sources */,
				09E16F802A4339C0007CD0A9 /* CategoryCollectionViewCell.swift in Sources */,
				09443AC02A16B473009291D8 /* AddExpenseCollectionViewCell.swift in Sources */,
				099471CE29EAC585009F1A2E /* SceneDelegate.swift in Sources */,
				09DA2F7E2A1B793900758A46 /* Expense.swift in Sources */,
				09F49B122A06A30A00619F6B /* TabBarController.swift in Sources */,
				09E16F782A4259EA007CD0A9 /* CategoryModuleBuilder.swift in Sources */,
				0959077E2A39D03E004E8542 /* DetailTableViewCell.swift in Sources */,
				09145B062A5B11BA0089C1BC /* CalendarViewController.swift in Sources */,
				09B84CB62A0C0EFC00EB4B95 /* AddExpenseCoordinator.swift in Sources */,
				0977EDC92A27991B00E56822 /* UICollectionView+Extension.swift in Sources */,
				09234BF029ED7221002A9E9C /* AddExpensePresenter.swift in Sources */,
				097AAA142A61AB2D00498201 /* CustomButton.swift in Sources */,
				09F49B102A069E8000619F6B /* AppCoordinator.swift in Sources */,
				0977EDC72A2798EE00E56822 /* UITableView+Extension.swift in Sources */,
				094224F82A195FD000BEC368 /* UIView+Extension.swift in Sources */,
				09EE90ED2A03CBE80017CC3F /* AddExpenseView.swift in Sources */,
				09ACC81B2A1511320082343F /* CategoryViewController.swift in Sources */,
				09B84CB42A0C0DF100EB4B95 /* Category.swift in Sources */,
				09E16F762A4259C4007CD0A9 /* CategoryView.swift in Sources */,
				098BA6D02A0EBD390007C633 /* UIColor+Extension.swift in Sources */,
				0916C49F2A312CB40016C7C1 /* UIFonts+Extension.swift in Sources */,
				09B264CD29F5CF1300FC1B2E /* Strings.swift in Sources */,
				09DA2F812A1B9B1000758A46 /* CategoryTableViewCell.swift in Sources */,
				091F6C362A24C5DF00C22E00 /* SelfSizingTableView.swift in Sources */,
				09DA2F832A1BA1B500758A46 /* DateTableViewCell.swift in Sources */,
				09234BF229ED7A63002A9E9C /* AddExpenseModuleBuilder.swift in Sources */,
				09145B0A2A5B34160089C1BC /* CalendarModuleBuilder.swift in Sources */,
			);
			runOnlyForDeploymentPostprocessing = 0;
		};
/* End PBXSourcesBuildPhase section */

/* Begin PBXVariantGroup section */
		09B264C329F5A9BA00FC1B2E /* Localizable.strings */ = {
			isa = PBXVariantGroup;
			children = (
				09B264C229F5A9BA00FC1B2E /* en */,
				09B264CB29F5CB7F00FC1B2E /* ru */,
			);
			name = Localizable.strings;
			sourceTree = "<group>";
		};
/* End PBXVariantGroup section */

/* Begin XCBuildConfiguration section */
		099471DA29EAC587009F1A2E /* Debug */ = {
			isa = XCBuildConfiguration;
			buildSettings = {
				ALWAYS_SEARCH_USER_PATHS = NO;
				CLANG_ANALYZER_LOCALIZABILITY_NONLOCALIZED = YES;
				CLANG_ANALYZER_NONNULL = YES;
				CLANG_ANALYZER_NUMBER_OBJECT_CONVERSION = YES_AGGRESSIVE;
				CLANG_CXX_LANGUAGE_STANDARD = "gnu++20";
				CLANG_ENABLE_MODULES = YES;
				CLANG_ENABLE_OBJC_ARC = YES;
				CLANG_ENABLE_OBJC_WEAK = YES;
				CLANG_WARN_BLOCK_CAPTURE_AUTORELEASING = YES;
				CLANG_WARN_BOOL_CONVERSION = YES;
				CLANG_WARN_COMMA = YES;
				CLANG_WARN_CONSTANT_CONVERSION = YES;
				CLANG_WARN_DEPRECATED_OBJC_IMPLEMENTATIONS = YES;
				CLANG_WARN_DIRECT_OBJC_ISA_USAGE = YES_ERROR;
				CLANG_WARN_DOCUMENTATION_COMMENTS = YES;
				CLANG_WARN_EMPTY_BODY = YES;
				CLANG_WARN_ENUM_CONVERSION = YES;
				CLANG_WARN_INFINITE_RECURSION = YES;
				CLANG_WARN_INT_CONVERSION = YES;
				CLANG_WARN_NON_LITERAL_NULL_CONVERSION = YES;
				CLANG_WARN_OBJC_IMPLICIT_RETAIN_SELF = YES;
				CLANG_WARN_OBJC_LITERAL_CONVERSION = YES;
				CLANG_WARN_OBJC_ROOT_CLASS = YES_ERROR;
				CLANG_WARN_QUOTED_INCLUDE_IN_FRAMEWORK_HEADER = YES;
				CLANG_WARN_RANGE_LOOP_ANALYSIS = YES;
				CLANG_WARN_STRICT_PROTOTYPES = YES;
				CLANG_WARN_SUSPICIOUS_MOVE = YES;
				CLANG_WARN_UNGUARDED_AVAILABILITY = YES_AGGRESSIVE;
				CLANG_WARN_UNREACHABLE_CODE = YES;
				CLANG_WARN__DUPLICATE_METHOD_MATCH = YES;
				COPY_PHASE_STRIP = NO;
				DEBUG_INFORMATION_FORMAT = dwarf;
				ENABLE_STRICT_OBJC_MSGSEND = YES;
				ENABLE_TESTABILITY = YES;
				GCC_C_LANGUAGE_STANDARD = gnu11;
				GCC_DYNAMIC_NO_PIC = NO;
				GCC_NO_COMMON_BLOCKS = YES;
				GCC_OPTIMIZATION_LEVEL = 0;
				GCC_PREPROCESSOR_DEFINITIONS = (
					"DEBUG=1",
					"$(inherited)",
				);
				GCC_WARN_64_TO_32_BIT_CONVERSION = YES;
				GCC_WARN_ABOUT_RETURN_TYPE = YES_ERROR;
				GCC_WARN_UNDECLARED_SELECTOR = YES;
				GCC_WARN_UNINITIALIZED_AUTOS = YES_AGGRESSIVE;
				GCC_WARN_UNUSED_FUNCTION = YES;
				GCC_WARN_UNUSED_VARIABLE = YES;
				IPHONEOS_DEPLOYMENT_TARGET = 16.2;
				MTL_ENABLE_DEBUG_INFO = INCLUDE_SOURCE;
				MTL_FAST_MATH = YES;
				ONLY_ACTIVE_ARCH = YES;
				SDKROOT = iphoneos;
				SWIFT_ACTIVE_COMPILATION_CONDITIONS = DEBUG;
				SWIFT_OPTIMIZATION_LEVEL = "-Onone";
			};
			name = Debug;
		};
		099471DB29EAC587009F1A2E /* Release */ = {
			isa = XCBuildConfiguration;
			buildSettings = {
				ALWAYS_SEARCH_USER_PATHS = NO;
				CLANG_ANALYZER_LOCALIZABILITY_NONLOCALIZED = YES;
				CLANG_ANALYZER_NONNULL = YES;
				CLANG_ANALYZER_NUMBER_OBJECT_CONVERSION = YES_AGGRESSIVE;
				CLANG_CXX_LANGUAGE_STANDARD = "gnu++20";
				CLANG_ENABLE_MODULES = YES;
				CLANG_ENABLE_OBJC_ARC = YES;
				CLANG_ENABLE_OBJC_WEAK = YES;
				CLANG_WARN_BLOCK_CAPTURE_AUTORELEASING = YES;
				CLANG_WARN_BOOL_CONVERSION = YES;
				CLANG_WARN_COMMA = YES;
				CLANG_WARN_CONSTANT_CONVERSION = YES;
				CLANG_WARN_DEPRECATED_OBJC_IMPLEMENTATIONS = YES;
				CLANG_WARN_DIRECT_OBJC_ISA_USAGE = YES_ERROR;
				CLANG_WARN_DOCUMENTATION_COMMENTS = YES;
				CLANG_WARN_EMPTY_BODY = YES;
				CLANG_WARN_ENUM_CONVERSION = YES;
				CLANG_WARN_INFINITE_RECURSION = YES;
				CLANG_WARN_INT_CONVERSION = YES;
				CLANG_WARN_NON_LITERAL_NULL_CONVERSION = YES;
				CLANG_WARN_OBJC_IMPLICIT_RETAIN_SELF = YES;
				CLANG_WARN_OBJC_LITERAL_CONVERSION = YES;
				CLANG_WARN_OBJC_ROOT_CLASS = YES_ERROR;
				CLANG_WARN_QUOTED_INCLUDE_IN_FRAMEWORK_HEADER = YES;
				CLANG_WARN_RANGE_LOOP_ANALYSIS = YES;
				CLANG_WARN_STRICT_PROTOTYPES = YES;
				CLANG_WARN_SUSPICIOUS_MOVE = YES;
				CLANG_WARN_UNGUARDED_AVAILABILITY = YES_AGGRESSIVE;
				CLANG_WARN_UNREACHABLE_CODE = YES;
				CLANG_WARN__DUPLICATE_METHOD_MATCH = YES;
				COPY_PHASE_STRIP = NO;
				DEBUG_INFORMATION_FORMAT = "dwarf-with-dsym";
				ENABLE_NS_ASSERTIONS = NO;
				ENABLE_STRICT_OBJC_MSGSEND = YES;
				GCC_C_LANGUAGE_STANDARD = gnu11;
				GCC_NO_COMMON_BLOCKS = YES;
				GCC_WARN_64_TO_32_BIT_CONVERSION = YES;
				GCC_WARN_ABOUT_RETURN_TYPE = YES_ERROR;
				GCC_WARN_UNDECLARED_SELECTOR = YES;
				GCC_WARN_UNINITIALIZED_AUTOS = YES_AGGRESSIVE;
				GCC_WARN_UNUSED_FUNCTION = YES;
				GCC_WARN_UNUSED_VARIABLE = YES;
				IPHONEOS_DEPLOYMENT_TARGET = 16.2;
				MTL_ENABLE_DEBUG_INFO = NO;
				MTL_FAST_MATH = YES;
				SDKROOT = iphoneos;
				SWIFT_COMPILATION_MODE = wholemodule;
				SWIFT_OPTIMIZATION_LEVEL = "-O";
				VALIDATE_PRODUCT = YES;
			};
			name = Release;
		};
		099471DD29EAC587009F1A2E /* Debug */ = {
			isa = XCBuildConfiguration;
			baseConfigurationReference = A2065F209B01B4AF2A81CE62 /* Pods-Expense Tracker.debug.xcconfig */;
			buildSettings = {
				ASSETCATALOG_COMPILER_APPICON_NAME = AppIcon;
				ASSETCATALOG_COMPILER_GLOBAL_ACCENT_COLOR_NAME = AccentColor;
				CODE_SIGN_STYLE = Automatic;
				CURRENT_PROJECT_VERSION = 1;
				DEVELOPMENT_TEAM = KM5T4W7X2G;
				GENERATE_INFOPLIST_FILE = YES;
				INFOPLIST_FILE = "Expense Tracker/Info.plist";
				INFOPLIST_KEY_UIApplicationSupportsIndirectInputEvents = YES;
				INFOPLIST_KEY_UILaunchStoryboardName = LaunchScreen;
				INFOPLIST_KEY_UISupportedInterfaceOrientations = UIInterfaceOrientationPortrait;
				LD_RUNPATH_SEARCH_PATHS = (
					"$(inherited)",
					"@executable_path/Frameworks",
				);
				MARKETING_VERSION = 1.0;
				PRODUCT_BUNDLE_IDENTIFIER = "Ekaterina-Volobueva.Expense-Tracker";
				PRODUCT_NAME = "$(TARGET_NAME)";
				SWIFT_EMIT_LOC_STRINGS = YES;
				SWIFT_VERSION = 5.0;
				TARGETED_DEVICE_FAMILY = "1,2";
			};
			name = Debug;
		};
		099471DE29EAC587009F1A2E /* Release */ = {
			isa = XCBuildConfiguration;
			baseConfigurationReference = F68F0174143A973FF91DBF53 /* Pods-Expense Tracker.release.xcconfig */;
			buildSettings = {
				ASSETCATALOG_COMPILER_APPICON_NAME = AppIcon;
				ASSETCATALOG_COMPILER_GLOBAL_ACCENT_COLOR_NAME = AccentColor;
				CODE_SIGN_IDENTITY = "Apple Development";
				CODE_SIGN_STYLE = Automatic;
				CURRENT_PROJECT_VERSION = 1;
				DEVELOPMENT_TEAM = KM5T4W7X2G;
				GENERATE_INFOPLIST_FILE = YES;
				INFOPLIST_FILE = "Expense Tracker/Info.plist";
				INFOPLIST_KEY_UIApplicationSupportsIndirectInputEvents = YES;
				INFOPLIST_KEY_UILaunchStoryboardName = LaunchScreen;
				INFOPLIST_KEY_UISupportedInterfaceOrientations = UIInterfaceOrientationPortrait;
				LD_RUNPATH_SEARCH_PATHS = (
					"$(inherited)",
					"@executable_path/Frameworks",
				);
				MARKETING_VERSION = 1.0;
				PRODUCT_BUNDLE_IDENTIFIER = "Ekaterina-Volobueva.Expense-Tracker";
				PRODUCT_NAME = "$(TARGET_NAME)";
				PROVISIONING_PROFILE_SPECIFIER = "";
				SWIFT_EMIT_LOC_STRINGS = YES;
				SWIFT_VERSION = 5.0;
				TARGETED_DEVICE_FAMILY = "1,2";
			};
			name = Release;
		};
/* End XCBuildConfiguration section */

/* Begin XCConfigurationList section */
		099471C329EAC585009F1A2E /* Build configuration list for PBXProject "Expense Tracker" */ = {
			isa = XCConfigurationList;
			buildConfigurations = (
				099471DA29EAC587009F1A2E /* Debug */,
				099471DB29EAC587009F1A2E /* Release */,
			);
			defaultConfigurationIsVisible = 0;
			defaultConfigurationName = Release;
		};
		099471DC29EAC587009F1A2E /* Build configuration list for PBXNativeTarget "Expense Tracker" */ = {
			isa = XCConfigurationList;
			buildConfigurations = (
				099471DD29EAC587009F1A2E /* Debug */,
				099471DE29EAC587009F1A2E /* Release */,
			);
			defaultConfigurationIsVisible = 0;
			defaultConfigurationName = Release;
		};
/* End XCConfigurationList section */
	};
	rootObject = 099471C029EAC585009F1A2E /* Project object */;
}
